
Microsoft Visual Studio Solution File, Format Version 12.00
# Visual Studio 2017
Project("{FAE04EC0-301F-11D3-BF4B-00C04F79EFBC}") = "Sidescroller test", "Sidescroller test.csproj", "{256E9DC3-7078-D3B1-6389-9A71C5C81403}"
EndProject
Global
	GlobalSection(SolutionConfigurationPlatforms) = preSolution
		Debug|Any CPU = Debug|Any CPU
		Release|Any CPU = Release|Any CPU
	EndGlobalSection
	GlobalSection(ProjectConfigurationPlatforms) = postSolution
		{256E9DC3-7078-D3B1-6389-9A71C5C81403}.Debug|Any CPU.ActiveCfg = Debug|Any CPU
		{256E9DC3-7078-D3B1-6389-9A71C5C81403}.Debug|Any CPU.Build.0 = Debug|Any CPU
		{256E9DC3-7078-D3B1-6389-9A71C5C81403}.Release|Any CPU.ActiveCfg = Release|Any CPU
		{256E9DC3-7078-D3B1-6389-9A71C5C81403}.Release|Any CPU.Build.0 = Release|Any CPU
	EndGlobalSection
	GlobalSection(SolutionProperties) = preSolution
		HideSolutionNode = FALSE
	EndGlobalSection
EndGlobal
